
Microsoft Visual Studio Solution File, Format Version 12.00
# Visual Studio 15
Project("{FAE04EC0-301F-11D3-BF4B-00C04F79EFBC}") = "TowersofHanoi", "CSharpProjects\TowersofHanoi.csproj", "{4A4A437D-93E1-4314-9584-D614E34492DB}"
EndProject
Project("{FAE04EC0-301F-11D3-BF4B-00C04F79EFBC}") = "Pig_Latin", "Pig_Latin\Pig_Latin.csproj", "{D09714A3-E927-466D-896B-5F39A12660B3}"
EndProject
Project("{FAE04EC0-301F-11D3-BF4B-00C04F79EFBC}") = "POCO", "POCO\POCO.csproj", "{8D2EE25A-E72F-409D-B3DC-00FFD741AF69}"
EndProject
Project("{FAE04EC0-301F-11D3-BF4B-00C04F79EFBC}") = "Manymethods", "project1\Manymethods.csproj", "{E8588790-79DC-4EB6-9698-E1F3F1735FA2}"
EndProject
Project("{FAE04EC0-301F-11D3-BF4B-00C04F79EFBC}") = "RockPaperScissors", "RockPaperScissors\RockPaperScissors.csproj", "{103657B1-D9AA-4F42-AA49-EE1E57C9CE70}"
EndProject
Project("{FAE04EC0-301F-11D3-BF4B-00C04F79EFBC}") = "TicTacToe", "TicTacToe\TicTacToe.csproj", "{ED819760-A2C7-46E4-9F26-2439B7A3DD1A}"
EndProject
Project("{FAE04EC0-301F-11D3-BF4B-00C04F79EFBC}") = "Mastermind", "Mastermind\Mastermind.csproj", "{F534E09F-4FFA-4BAE-A2D0-9BE5673336B3}"
EndProject
Project("{FAE04EC0-301F-11D3-BF4B-00C04F79EFBC}") = "ToDo", "ToDo\ToDo.csproj", "{6B6AB7EA-FA7A-427A-809C-C696B5BDBF84}"
EndProject
Project("{FAE04EC0-301F-11D3-BF4B-00C04F79EFBC}") = "PersonSuperheroVillain", "PersonSuperheroVillain\PersonSuperheroVillain.csproj", "{44C58BA5-78CC-4346-8173-FBB79874EFB4}"
EndProject
Global
	GlobalSection(SolutionConfigurationPlatforms) = preSolution
		Debug|x86 = Debug|x86
		Release|x86 = Release|x86
	EndGlobalSection
	GlobalSection(ProjectConfigurationPlatforms) = postSolution
		{4A4A437D-93E1-4314-9584-D614E34492DB}.Debug|x86.ActiveCfg = Debug|x86
		{4A4A437D-93E1-4314-9584-D614E34492DB}.Debug|x86.Build.0 = Debug|x86
		{4A4A437D-93E1-4314-9584-D614E34492DB}.Release|x86.ActiveCfg = Release|x86
		{4A4A437D-93E1-4314-9584-D614E34492DB}.Release|x86.Build.0 = Release|x86
		{D09714A3-E927-466D-896B-5F39A12660B3}.Debug|x86.ActiveCfg = Debug|x86
		{D09714A3-E927-466D-896B-5F39A12660B3}.Debug|x86.Build.0 = Debug|x86
		{D09714A3-E927-466D-896B-5F39A12660B3}.Release|x86.ActiveCfg = Release|x86
		{D09714A3-E927-466D-896B-5F39A12660B3}.Release|x86.Build.0 = Release|x86
		{8D2EE25A-E72F-409D-B3DC-00FFD741AF69}.Debug|x86.ActiveCfg = Debug|x86
		{8D2EE25A-E72F-409D-B3DC-00FFD741AF69}.Debug|x86.Build.0 = Debug|x86
		{8D2EE25A-E72F-409D-B3DC-00FFD741AF69}.Release|x86.ActiveCfg = Release|x86
		{8D2EE25A-E72F-409D-B3DC-00FFD741AF69}.Release|x86.Build.0 = Release|x86
		{E8588790-79DC-4EB6-9698-E1F3F1735FA2}.Debug|x86.ActiveCfg = Debug|x86
		{E8588790-79DC-4EB6-9698-E1F3F1735FA2}.Debug|x86.Build.0 = Debug|x86
		{E8588790-79DC-4EB6-9698-E1F3F1735FA2}.Release|x86.ActiveCfg = Release|x86
		{E8588790-79DC-4EB6-9698-E1F3F1735FA2}.Release|x86.Build.0 = Release|x86
		{103657B1-D9AA-4F42-AA49-EE1E57C9CE70}.Debug|x86.ActiveCfg = Debug|x86
		{103657B1-D9AA-4F42-AA49-EE1E57C9CE70}.Debug|x86.Build.0 = Debug|x86
		{103657B1-D9AA-4F42-AA49-EE1E57C9CE70}.Release|x86.ActiveCfg = Release|x86
		{103657B1-D9AA-4F42-AA49-EE1E57C9CE70}.Release|x86.Build.0 = Release|x86
		{ED819760-A2C7-46E4-9F26-2439B7A3DD1A}.Debug|x86.ActiveCfg = Debug|x86
		{ED819760-A2C7-46E4-9F26-2439B7A3DD1A}.Debug|x86.Build.0 = Debug|x86
		{ED819760-A2C7-46E4-9F26-2439B7A3DD1A}.Release|x86.ActiveCfg = Release|x86
		{ED819760-A2C7-46E4-9F26-2439B7A3DD1A}.Release|x86.Build.0 = Release|x86
		{F534E09F-4FFA-4BAE-A2D0-9BE5673336B3}.Debug|x86.ActiveCfg = Debug|x86
		{F534E09F-4FFA-4BAE-A2D0-9BE5673336B3}.Debug|x86.Build.0 = Debug|x86
		{F534E09F-4FFA-4BAE-A2D0-9BE5673336B3}.Release|x86.ActiveCfg = Release|x86
		{F534E09F-4FFA-4BAE-A2D0-9BE5673336B3}.Release|x86.Build.0 = Release|x86
		{6B6AB7EA-FA7A-427A-809C-C696B5BDBF84}.Debug|x86.ActiveCfg = Debug|x86
		{6B6AB7EA-FA7A-427A-809C-C696B5BDBF84}.Debug|x86.Build.0 = Debug|x86
		{6B6AB7EA-FA7A-427A-809C-C696B5BDBF84}.Release|x86.ActiveCfg = Release|x86
		{6B6AB7EA-FA7A-427A-809C-C696B5BDBF84}.Release|x86.Build.0 = Release|x86
		{44C58BA5-78CC-4346-8173-FBB79874EFB4}.Debug|x86.ActiveCfg = Debug|x86
		{44C58BA5-78CC-4346-8173-FBB79874EFB4}.Debug|x86.Build.0 = Debug|x86
		{44C58BA5-78CC-4346-8173-FBB79874EFB4}.Release|x86.ActiveCfg = Release|x86
		{44C58BA5-78CC-4346-8173-FBB79874EFB4}.Release|x86.Build.0 = Release|x86
	EndGlobalSection
EndGlobal
